# This file was autogenerated by Stack.
# You should not edit this file by hand.
# For more information, please see the documentation at:
#   https://docs.haskellstack.org/en/stable/lock_files

packages:
- completed:
    hackage: dequeue-0.1.12@sha256:547c2a71819dca0ae1bf7c15fb290b39f80d5d9a6f9985a06a1cb8645b578df2,855
    pantry-tree:
      sha256: ac0f83f7cf92d5858f9f3b1d61b9da52fa2918af8eebde1e0bc7bb652c2d3d99
      size: 436
  original:
    hackage: dequeue-0.1.12
- completed:
    hackage: clock-0.7.2@sha256:c5c2514aead260101c7528d10bf0f41d9d1d7b919136e2dff77a57ec16740bd2,3820
    pantry-tree:
      sha256: 53ac32a3a03f5bf9409617970725a09f0d249ff212c90b18050d4ade51c03f4d
      size: 387
  original:
    hackage: clock-0.7.2
- completed:
    hackage: elsa-0.2.1.2@sha256:cdfdc53444193a810995dd55b8c686db9ea499ef162c77e9a6a1afb0034d726f,2300
    pantry-tree:
      sha256: 1b5ff00c3c3f398c53ee5ba522f135941716bd03578009eb29d04a0dc61f3d42
      size: 761
  original:
    hackage: elsa-0.2.1.2
snapshots:
- completed:
    sha256: 428ec8d5ce932190d3cbe266b9eb3c175cd81e984babf876b64019e2cbe4ea68
    size: 590100
    url: https://raw.githubusercontent.com/commercialhaskell/stackage-snapshots/master/lts/18/28.yaml
  original: lts-18.28
